
Microsoft Visual Studio Solution File, Format Version 12.00
# Visual Studio Version 17
VisualStudioVersion = 17.0.32112.339
MinimumVisualStudioVersion = 10.0.40219.1
Project("{FAE04EC0-301F-11D3-BF4B-00C04F79EFBC}") = "WebServerSoftUni", "WebServerSoftUni\WebServerSoftUni.csproj", "{5D6C8894-06A9-4D4C-8400-3D3075E8A267}"
EndProject
Global
	GlobalSection(SolutionConfigurationPlatforms) = preSolution
		Debug|Any CPU = Debug|Any CPU
		Release|Any CPU = Release|Any CPU
	EndGlobalSection
	GlobalSection(ProjectConfigurationPlatforms) = postSolution
		{5D6C8894-06A9-4D4C-8400-3D3075E8A267}.Debug|Any CPU.ActiveCfg = Debug|Any CPU
		{5D6C8894-06A9-4D4C-8400-3D3075E8A267}.Debug|Any CPU.Build.0 = Debug|Any CPU
		{5D6C8894-06A9-4D4C-8400-3D3075E8A267}.Release|Any CPU.ActiveCfg = Release|Any CPU
		{5D6C8894-06A9-4D4C-8400-3D3075E8A267}.Release|Any CPU.Build.0 = Release|Any CPU
	EndGlobalSection
	GlobalSection(SolutionProperties) = preSolution
		HideSolutionNode = FALSE
	EndGlobalSection
	GlobalSection(ExtensibilityGlobals) = postSolution
		SolutionGuid = {EE34ECA4-6034-4078-B5BF-E97586FF5798}
	EndGlobalSection
EndGlobal
